{
  "version": 4,
  "terraform_version": "1.9.8",
  "serial": 16,
  "lineage": "cd7f5bbe-da56-ca51-81af-009024ac8181",
  "outputs": {
    "guardduty_detector_id": {
      "value": "a2cb108f45a6ed5c7e44deb4af790b87",
      "type": "string"
    },
    "securityhub_status": {
      "value": "846229150353",
      "type": "string"
    }
  },
  "resources": [
    {
      "mode": "managed",
      "type": "aws_guardduty_detector",
      "name": "main",
      "provider": "provider[\"registry.terraform.io/hashicorp/aws\"]",
      "instances": [
        {
          "schema_version": 0,
          "attributes": {
            "account_id": "846229150353",
            "arn": "arn:aws:guardduty:us-east-1:846229150353:detector/a2cb108f45a6ed5c7e44deb4af790b87",
            "datasources": [
              {
                "kubernetes": [
                  {
                    "audit_logs": [
                      {
                        "enable": true
                      }
                    ]
                  }
                ],
                "malware_protection": [
                  {
                    "scan_ec2_instance_with_findings": [
                      {
                        "ebs_volumes": [
                          {
                            "enable": true
                          }
                        ]
                      }
                    ]
                  }
                ],
                "s3_logs": [
                  {
                    "enable": true
                  }
                ]
              }
            ],
            "enable": true,
            "finding_publishing_frequency": "SIX_HOURS",
            "id": "a2cb108f45a6ed5c7e44deb4af790b87",
            "tags": {},
            "tags_all": {}
          },
          "sensitive_attributes": [],
          "private": "bnVsbA=="
        }
      ]
    },
    {
      "mode": "managed",
      "type": "aws_iam_account_password_policy",
      "name": "strict_policy",
      "provider": "provider[\"registry.terraform.io/hashicorp/aws\"]",
      "instances": [
        {
          "schema_version": 0,
          "attributes": {
            "allow_users_to_change_password": true,
            "expire_passwords": true,
            "hard_expiry": false,
            "id": "iam-account-password-policy",
            "max_password_age": 90,
            "minimum_password_length": 14,
            "password_reuse_prevention": 5,
            "require_lowercase_characters": true,
            "require_numbers": true,
            "require_symbols": true,
            "require_uppercase_characters": true
          },
          "sensitive_attributes": [],
          "private": "bnVsbA=="
        }
      ]
    },
    {
      "mode": "managed",
      "type": "aws_iam_policy",
      "name": "ec2_limited_policy",
      "provider": "provider[\"registry.terraform.io/hashicorp/aws\"]",
      "instances": [
        {
          "schema_version": 0,
          "attributes": {
            "arn": "arn:aws:iam::846229150353:policy/EC2limitedAccesspolicy",
            "attachment_count": 0,
            "description": "Least privilege for ec2 operation",
            "id": "arn:aws:iam::846229150353:policy/EC2limitedAccesspolicy",
            "name": "EC2limitedAccesspolicy",
            "name_prefix": "",
            "path": "/",
            "policy": "{\"Statement\":[{\"Action\":[\"ec2:DescribeInstances\",\"ec2:StartInstances\",\"ec2:StopInstances\"],\"Effect\":\"Allow\",\"Resource\":\"*\"}],\"Version\":\"2012-10-17\"}",
            "policy_id": "ANPA4KBZQDKIVSK7VLADS",
            "tags": {},
            "tags_all": {}
          },
          "sensitive_attributes": [],
          "private": "bnVsbA=="
        }
      ]
    },
    {
      "mode": "managed",
      "type": "aws_securityhub_account",
      "name": "main",
      "provider": "provider[\"registry.terraform.io/hashicorp/aws\"]",
      "instances": [
        {
          "schema_version": 1,
          "attributes": {
            "arn": "arn:aws:securityhub:us-east-1:846229150353:hub/default",
            "auto_enable_controls": true,
            "control_finding_generator": "SECURITY_CONTROL",
            "enable_default_standards": true,
            "id": "846229150353"
          },
          "sensitive_attributes": [],
          "private": "eyJzY2hlbWFfdmVyc2lvbiI6IjEifQ=="
        }
      ]
    },
    {
      "mode": "managed",
      "type": "aws_securityhub_standards_subscription",
      "name": "cis",
      "provider": "provider[\"registry.terraform.io/hashicorp/aws\"]",
      "instances": [
        {
          "schema_version": 0,
          "attributes": {
            "id": "arn:aws:securityhub:us-east-1:846229150353:subscription/cis-aws-foundations-benchmark/v/1.4.0",
            "standards_arn": "arn:aws:securityhub:us-east-1::standards/cis-aws-foundations-benchmark/v/1.4.0"
          },
          "sensitive_attributes": [],
          "private": "bnVsbA==",
          "dependencies": [
            "aws_securityhub_account.main"
          ]
        }
      ]
    }
  ],
  "check_results": null
}
