{
  "version": 4,
  "terraform_version": "1.9.8",
  "serial": 4,
  "lineage": "eaed8273-cd62-9d7b-9dcc-2fe877580169",
  "outputs": {
    "backup_vault_name": {
      "value": "infra_backup_vault",
      "type": "string"
    }
  },
  "resources": [
    {
      "mode": "managed",
      "type": "aws_backup_plan",
      "name": "main",
      "provider": "provider[\"registry.terraform.io/hashicorp/aws\"]",
      "instances": [
        {
          "schema_version": 1,
          "attributes": {
            "advanced_backup_setting": [],
            "arn": "arn:aws:backup:us-east-1:846229150353:backup-plan:4f36a5b1-4b56-49d7-b2ba-6a13c64aea79",
            "id": "4f36a5b1-4b56-49d7-b2ba-6a13c64aea79",
            "name": "infra_backup_plan",
            "rule": [
              {
                "completion_window": 180,
                "copy_action": [],
                "enable_continuous_backup": false,
                "lifecycle": [
                  {
                    "cold_storage_after": 0,
                    "delete_after": 30,
                    "opt_in_to_archive_for_supported_resources": false
                  }
                ],
                "recovery_point_tags": {},
                "rule_name": "daily_backup",
                "schedule": "cron(0 5 * * ? *)",
                "schedule_expression_timezone": "Etc/UTC",
                "start_window": 60,
                "target_vault_name": "infra_backup_vault"
              }
            ],
            "tags": null,
            "tags_all": {},
            "version": "MTM1NWM0NzEtODZjZC00OGI2LWJmZDQtYTAzYTIwY2Y1OGE2"
          },
          "sensitive_attributes": [],
          "private": "eyJzY2hlbWFfdmVyc2lvbiI6IjEifQ==",
          "dependencies": [
            "aws_backup_vault.main"
          ]
        }
      ]
    },
    {
      "mode": "managed",
      "type": "aws_backup_selection",
      "name": "ec2_selection",
      "provider": "provider[\"registry.terraform.io/hashicorp/aws\"]",
      "instances": [
        {
          "schema_version": 0,
          "attributes": {
            "condition": [
              {
                "string_equals": [],
                "string_like": [],
                "string_not_equals": [],
                "string_not_like": []
              }
            ],
            "iam_role_arn": "arn:aws:iam::846229150353:role/AWSBackupServiceRole",
            "id": "cc8192b7-0bfd-4b92-8900-a57d789a0b51",
            "name": "ec2_backup_selection",
            "not_resources": [],
            "plan_id": "4f36a5b1-4b56-49d7-b2ba-6a13c64aea79",
            "resources": null,
            "selection_tag": [
              {
                "key": "backup",
                "type": "STRINGEQUALS",
                "value": "true"
              }
            ]
          },
          "sensitive_attributes": [],
          "private": "bnVsbA==",
          "dependencies": [
            "aws_backup_plan.main",
            "aws_backup_vault.main"
          ]
        }
      ]
    },
    {
      "mode": "managed",
      "type": "aws_backup_vault",
      "name": "main",
      "provider": "provider[\"registry.terraform.io/hashicorp/aws\"]",
      "instances": [
        {
          "schema_version": 0,
          "attributes": {
            "arn": "arn:aws:backup:us-east-1:846229150353:backup-vault:infra_backup_vault",
            "force_destroy": false,
            "id": "infra_backup_vault",
            "kms_key_arn": "arn:aws:kms:us-east-1:846229150353:key/e3eebd26-3e68-4674-8445-c80ef55837b5",
            "name": "infra_backup_vault",
            "recovery_points": 0,
            "tags": null,
            "tags_all": {},
            "timeouts": null
          },
          "sensitive_attributes": [],
          "private": "eyJlMmJmYjczMC1lY2FhLTExZTYtOGY4OC0zNDM2M2JjN2M0YzAiOnsiZGVsZXRlIjo2MDAwMDAwMDAwMDB9fQ=="
        }
      ]
    }
  ],
  "check_results": null
}
